
Microsoft Visual Studio Solution File, Format Version 12.00
# Visual Studio Version 17
VisualStudioVersion = 17.3.32929.385
MinimumVisualStudioVersion = 10.0.40219.1
Project("{FAE04EC0-301F-11D3-BF4B-00C04F79EFBC}") = "ConstGenerateTool", "ConstGenerateTool\ConstGenerateTool.csproj", "{9E4892FF-0438-47F4-BABC-5D0A284526F5}"
EndProject
Project("{FAE04EC0-301F-11D3-BF4B-00C04F79EFBC}") = "Business", "Business\Business.csproj", "{5EFA4E63-D47B-43D5-BC9D-2694E6BBB96B}"
EndProject
Global
	GlobalSection(SolutionConfigurationPlatforms) = preSolution
		Debug|Any CPU = Debug|Any CPU
		Release|Any CPU = Release|Any CPU
	EndGlobalSection
	GlobalSection(ProjectConfigurationPlatforms) = postSolution
		{9E4892FF-0438-47F4-BABC-5D0A284526F5}.Debug|Any CPU.ActiveCfg = Debug|Any CPU
		{9E4892FF-0438-47F4-BABC-5D0A284526F5}.Debug|Any CPU.Build.0 = Debug|Any CPU
		{9E4892FF-0438-47F4-BABC-5D0A284526F5}.Release|Any CPU.ActiveCfg = Release|Any CPU
		{9E4892FF-0438-47F4-BABC-5D0A284526F5}.Release|Any CPU.Build.0 = Release|Any CPU
		{5EFA4E63-D47B-43D5-BC9D-2694E6BBB96B}.Debug|Any CPU.ActiveCfg = Debug|Any CPU
		{5EFA4E63-D47B-43D5-BC9D-2694E6BBB96B}.Debug|Any CPU.Build.0 = Debug|Any CPU
		{5EFA4E63-D47B-43D5-BC9D-2694E6BBB96B}.Release|Any CPU.ActiveCfg = Release|Any CPU
		{5EFA4E63-D47B-43D5-BC9D-2694E6BBB96B}.Release|Any CPU.Build.0 = Release|Any CPU
	EndGlobalSection
	GlobalSection(SolutionProperties) = preSolution
		HideSolutionNode = FALSE
	EndGlobalSection
	GlobalSection(ExtensibilityGlobals) = postSolution
		SolutionGuid = {966D000D-444B-4BD2-8158-C278E3C16E7F}
	EndGlobalSection
EndGlobal
